{
  "name": "immutable-benchmarks",
  "version": "2.0.0",
  "lockfileVersion": 1,
  "requires": true,
  "dependencies": {
    "crio": {
      "version": "5.0.2",
      "resolved": "https://registry.npmjs.org/crio/-/crio-5.0.2.tgz",
      "integrity": "sha512-CAqP6yT2LLz+ZKZGD1PU7q0d1f/WmNccsYJ/1P7G7WHhnlDGRqI7GnVTTCft9ELF5zNzBxNGqAjwIvjjkv4PBw==",
      "requires": {
        "hash-it": "^4.0.1",
        "json-stringify-safe": "^5.0.1",
        "pathington": "^1.1.5",
        "unchanged": "^1.3.2"
      }
    },
    "curriable": {
      "version": "1.3.0",
      "resolved": "https://registry.npmjs.org/curriable/-/curriable-1.3.0.tgz",
      "integrity": "sha512-7kfjDPRSF+pguU0TlfSFBMCd8XlmF29ZAiXcq/zaN4LhZvWdvV0Y72AvaWFqInXZG9Yg1kA1UMkpE9lFBKMpQA=="
    },
    "fast-stringify": {
      "version": "1.1.2",
      "resolved": "https://registry.npmjs.org/fast-stringify/-/fast-stringify-1.1.2.tgz",
      "integrity": "sha512-SfslXjiH8km0WnRiuPfpUKwlZjW5I878qsOm+2x8x3TgqmElOOLh1rgJFb+PolNdNRK3r8urEefqx0wt7vx1dA=="
    },
    "hash-it": {
      "version": "4.0.4",
      "resolved": "https://registry.npmjs.org/hash-it/-/hash-it-4.0.4.tgz",
      "integrity": "sha512-LC8xgrdjR3iW2hs7Vb18FFDIyv+hZHFAwJM11SKLwwI4LdoniT+ZmrHk7b6vYjoo7KPFPcGZ/8u2XybBWzWtsw==",
      "requires": {
        "curriable": "^1.1.0",
        "fast-stringify": "^1.1.1",
        "json-prune": "^1.1.0"
      }
    },
    "immer": {
      "version": "5.0.0",
      "resolved": "https://registry.npmjs.org/immer/-/immer-5.0.0.tgz",
      "integrity": "sha512-G7gRqKbi9NE025XVyqyTV98dxUOtdKvu/P1QRaVZfA55aEcXgjbxPdm+TlWdcSMNPKijlaHNz61DGPyelouRlA=="
    },
    "immutable": {
      "version": "4.0.0-rc.12",
      "resolved": "https://registry.npmjs.org/immutable/-/immutable-4.0.0-rc.12.tgz",
      "integrity": "sha512-0M2XxkZLx/mi3t8NVwIm1g8nHoEmM9p9UBl/G9k4+hm0kBgOVdMV/B3CY5dQ8qG8qc80NN4gDV4HQv6FTJ5q7A=="
    },
    "json-prune": {
      "version": "1.1.0",
      "resolved": "https://registry.npmjs.org/json-prune/-/json-prune-1.1.0.tgz",
      "integrity": "sha1-I+L60QiTKyVQUOPxpwUAwrSqMMc="
    },
    "json-stringify-safe": {
      "version": "5.0.1",
      "resolved": "https://registry.npmjs.org/json-stringify-safe/-/json-stringify-safe-5.0.1.tgz",
      "integrity": "sha1-Epai1Y/UXxmg9s4B1lcB4sc1tus="
    },
    "mori": {
      "version": "0.3.2",
      "resolved": "https://registry.npmjs.org/mori/-/mori-0.3.2.tgz",
      "integrity": "sha1-GlPaFlKH877wyrYjmMSTG+zoCj8="
    },
    "pathington": {
      "version": "1.1.7",
      "resolved": "https://registry.npmjs.org/pathington/-/pathington-1.1.7.tgz",
      "integrity": "sha512-JxzhUzagDfNIOm4qqwQqP3rWeo7rNNOfIahy4n+3GTEdwXLqw5cJHUR0soSopQtNEv763lzxb6eA2xBllpR8zw=="
    },
    "seamless-immutable": {
      "version": "7.1.4",
      "resolved": "https://registry.npmjs.org/seamless-immutable/-/seamless-immutable-7.1.4.tgz",
      "integrity": "sha512-XiUO1QP4ki4E2PHegiGAlu6r82o5A+6tRh7IkGGTVg/h+UoeX4nFBeCGPOhb4CYjvkqsfm/TUtvOMYC1xmV30A=="
    },
    "unchanged": {
      "version": "1.5.2",
      "resolved": "https://registry.npmjs.org/unchanged/-/unchanged-1.5.2.tgz",
      "integrity": "sha512-b63sGPL2dm/CYRVwu2V+BR9IS7J7vjoDhfWVk1y2jNB+6xxnG2znPvNEov79vjMoIW/gkR3eYrz3a3tIM48NnQ==",
      "requires": {
        "curriable": "^1.0.0",
        "pathington": "^1.1.5"
      }
    }
  }
}
